
Microsoft Visual Studio Solution File, Format Version 12.00
# Visual Studio Version 17
VisualStudioVersion = 17.0.31912.275
MinimumVisualStudioVersion = 10.0.40219.1
Project("{2150E333-8FDC-42A3-9474-1A3956D46DE8}") = "src", "src", "{99701445-DA97-4DAE-A3D2-130372FE8176}"
EndProject
Project("{2150E333-8FDC-42A3-9474-1A3956D46DE8}") = "Building Blocks", "Building Blocks", "{43F603B4-7632-4A6D-88C7-60C91D650455}"
EndProject
Project("{2150E333-8FDC-42A3-9474-1A3956D46DE8}") = "Services", "Services", "{2CF89A5C-FFD6-4E6A-8161-CDA7294D6685}"
EndProject
Project("{2150E333-8FDC-42A3-9474-1A3956D46DE8}") = "Web", "Web", "{707A535C-41B9-42D2-93B1-F4D24003CE73}"
EndProject
Project("{2150E333-8FDC-42A3-9474-1A3956D46DE8}") = "Identidade", "Identidade", "{ED9198D1-4505-4DEE-B93C-8210EFE2C1CF}"
EndProject
Project("{FAE04EC0-301F-11D3-BF4B-00C04F79EFBC}") = "NSE.Identidade.API", "src\services\NSE.Identidade.API\NSE.Identidade.API.csproj", "{6DC0D3C8-0A06-4165-A83E-7F112ED714C3}"
EndProject
Project("{2150E333-8FDC-42A3-9474-1A3956D46DE8}") = "MVC", "MVC", "{CBDFFB63-0271-42DD-91A8-7C94C52A46B5}"
EndProject
Project("{FAE04EC0-301F-11D3-BF4B-00C04F79EFBC}") = "NSE.WebApp.MVC", "src\web\NSE.WebApp.MVC\NSE.WebApp.MVC.csproj", "{54B117CB-AD7E-49C9-8D30-7AC4051A5BED}"
EndProject
Project("{2150E333-8FDC-42A3-9474-1A3956D46DE8}") = "Core", "Core", "{14EC9563-3C80-4AB9-9896-C2D684E9BCD9}"
EndProject
Project("{FAE04EC0-301F-11D3-BF4B-00C04F79EFBC}") = "NSE.Core", "src\building blocks\NSE.Core\NSE.Core.csproj", "{AA95FF93-9B86-43A6-8FBD-7FF83F823BA6}"
EndProject
Project("{2150E333-8FDC-42A3-9474-1A3956D46DE8}") = "Carrinho", "Carrinho", "{CAC88947-44BD-4DF5-B5B2-722538A3976D}"
EndProject
Project("{2150E333-8FDC-42A3-9474-1A3956D46DE8}") = "Catalogo", "Catalogo", "{DF9ADBB5-6865-4471-A497-BEF892E529D3}"
EndProject
Project("{2150E333-8FDC-42A3-9474-1A3956D46DE8}") = "Cliente", "Cliente", "{D621FF5B-9F1A-47F1-9C71-6F0A24908D57}"
EndProject
Project("{2150E333-8FDC-42A3-9474-1A3956D46DE8}") = "Pagamento", "Pagamento", "{372991CE-C169-4959-9F86-4EEF612A43DC}"
EndProject
Project("{2150E333-8FDC-42A3-9474-1A3956D46DE8}") = "Pedido", "Pedido", "{DCC400E8-3680-4DE3-9185-14A986D2D3E8}"
EndProject
Global
	GlobalSection(SolutionConfigurationPlatforms) = preSolution
		Debug|Any CPU = Debug|Any CPU
		Release|Any CPU = Release|Any CPU
	EndGlobalSection
	GlobalSection(ProjectConfigurationPlatforms) = postSolution
		{6DC0D3C8-0A06-4165-A83E-7F112ED714C3}.Debug|Any CPU.ActiveCfg = Debug|Any CPU
		{6DC0D3C8-0A06-4165-A83E-7F112ED714C3}.Debug|Any CPU.Build.0 = Debug|Any CPU
		{6DC0D3C8-0A06-4165-A83E-7F112ED714C3}.Release|Any CPU.ActiveCfg = Release|Any CPU
		{6DC0D3C8-0A06-4165-A83E-7F112ED714C3}.Release|Any CPU.Build.0 = Release|Any CPU
		{54B117CB-AD7E-49C9-8D30-7AC4051A5BED}.Debug|Any CPU.ActiveCfg = Debug|Any CPU
		{54B117CB-AD7E-49C9-8D30-7AC4051A5BED}.Debug|Any CPU.Build.0 = Debug|Any CPU
		{54B117CB-AD7E-49C9-8D30-7AC4051A5BED}.Release|Any CPU.ActiveCfg = Release|Any CPU
		{54B117CB-AD7E-49C9-8D30-7AC4051A5BED}.Release|Any CPU.Build.0 = Release|Any CPU
		{AA95FF93-9B86-43A6-8FBD-7FF83F823BA6}.Debug|Any CPU.ActiveCfg = Debug|Any CPU
		{AA95FF93-9B86-43A6-8FBD-7FF83F823BA6}.Debug|Any CPU.Build.0 = Debug|Any CPU
		{AA95FF93-9B86-43A6-8FBD-7FF83F823BA6}.Release|Any CPU.ActiveCfg = Release|Any CPU
		{AA95FF93-9B86-43A6-8FBD-7FF83F823BA6}.Release|Any CPU.Build.0 = Release|Any CPU
	EndGlobalSection
	GlobalSection(SolutionProperties) = preSolution
		HideSolutionNode = FALSE
	EndGlobalSection
	GlobalSection(NestedProjects) = preSolution
		{43F603B4-7632-4A6D-88C7-60C91D650455} = {99701445-DA97-4DAE-A3D2-130372FE8176}
		{2CF89A5C-FFD6-4E6A-8161-CDA7294D6685} = {99701445-DA97-4DAE-A3D2-130372FE8176}
		{707A535C-41B9-42D2-93B1-F4D24003CE73} = {99701445-DA97-4DAE-A3D2-130372FE8176}
		{ED9198D1-4505-4DEE-B93C-8210EFE2C1CF} = {2CF89A5C-FFD6-4E6A-8161-CDA7294D6685}
		{6DC0D3C8-0A06-4165-A83E-7F112ED714C3} = {ED9198D1-4505-4DEE-B93C-8210EFE2C1CF}
		{CBDFFB63-0271-42DD-91A8-7C94C52A46B5} = {707A535C-41B9-42D2-93B1-F4D24003CE73}
		{54B117CB-AD7E-49C9-8D30-7AC4051A5BED} = {CBDFFB63-0271-42DD-91A8-7C94C52A46B5}
		{14EC9563-3C80-4AB9-9896-C2D684E9BCD9} = {43F603B4-7632-4A6D-88C7-60C91D650455}
		{AA95FF93-9B86-43A6-8FBD-7FF83F823BA6} = {14EC9563-3C80-4AB9-9896-C2D684E9BCD9}
		{CAC88947-44BD-4DF5-B5B2-722538A3976D} = {2CF89A5C-FFD6-4E6A-8161-CDA7294D6685}
		{DF9ADBB5-6865-4471-A497-BEF892E529D3} = {2CF89A5C-FFD6-4E6A-8161-CDA7294D6685}
		{D621FF5B-9F1A-47F1-9C71-6F0A24908D57} = {2CF89A5C-FFD6-4E6A-8161-CDA7294D6685}
		{372991CE-C169-4959-9F86-4EEF612A43DC} = {2CF89A5C-FFD6-4E6A-8161-CDA7294D6685}
		{DCC400E8-3680-4DE3-9185-14A986D2D3E8} = {2CF89A5C-FFD6-4E6A-8161-CDA7294D6685}
	EndGlobalSection
	GlobalSection(ExtensibilityGlobals) = postSolution
		SolutionGuid = {45BCB38A-6A5C-4192-BB02-0C50CE78AD8D}
	EndGlobalSection
EndGlobal
